
Microsoft Visual Studio Solution File, Format Version 12.00
# Visual Studio Version 17
VisualStudioVersion = 17.6.33829.357
MinimumVisualStudioVersion = 10.0.40219.1
Project("{FAE04EC0-301F-11D3-BF4B-00C04F79EFBC}") = "timer-hw", "timer-hw\timer-hw.csproj", "{1BF74C42-09BA-430E-8A78-2C24C188126E}"
EndProject
Global
	GlobalSection(SolutionConfigurationPlatforms) = preSolution
		Debug|Any CPU = Debug|Any CPU
		Release|Any CPU = Release|Any CPU
	EndGlobalSection
	GlobalSection(ProjectConfigurationPlatforms) = postSolution
		{1BF74C42-09BA-430E-8A78-2C24C188126E}.Debug|Any CPU.ActiveCfg = Debug|Any CPU
		{1BF74C42-09BA-430E-8A78-2C24C188126E}.Debug|Any CPU.Build.0 = Debug|Any CPU
		{1BF74C42-09BA-430E-8A78-2C24C188126E}.Release|Any CPU.ActiveCfg = Release|Any CPU
		{1BF74C42-09BA-430E-8A78-2C24C188126E}.Release|Any CPU.Build.0 = Release|Any CPU
	EndGlobalSection
	GlobalSection(SolutionProperties) = preSolution
		HideSolutionNode = FALSE
	EndGlobalSection
	GlobalSection(ExtensibilityGlobals) = postSolution
		SolutionGuid = {815E44B3-19ED-40D7-88BC-2147445796DF}
	EndGlobalSection
EndGlobal
